{
  "nodes": {
    "nixpkgs": {
      "locked": {
        "lastModified": 1676582819,
        "narHash": "sha256-tAn+PSA8hV9GnFgQtDOwXYB4mj9H/H09Abn9WnaCUWA=",
        "owner": "NixOS",
        "repo": "nixpkgs",
        "rev": "f6f6796bc9738c6f29fb7ffc4a5f7d26614f7cc6",
        "type": "github"
      },
      "original": {
        "owner": "NixOS",
        "repo": "nixpkgs",
        "type": "github"
      }
    },
    "root": {
      "inputs": {
        "nixpkgs": "nixpkgs"
      }
    }
  },
  "root": "root",
  "version": 7
}
