{
  "nodes": {
    "nixpkgs": {
      "locked": {
        "lastModified": 1681934039,
        "narHash": "sha256-27ziHJUf3vRiLZrGE2PeAL565hyj+jxwdk55jOXzoMs=",
        "owner": "NixOS",
        "repo": "nixpkgs",
        "rev": "8faef6de41053478a5d8f46a5e3e70bffee528fe",
        "type": "github"
      },
      "original": {
        "owner": "NixOS",
        "repo": "nixpkgs",
        "type": "github"
      }
    },
    "root": {
      "inputs": {
        "nixpkgs": "nixpkgs"
      }
    }
  },
  "root": "root",
  "version": 7
}
