{
  "nodes": {
    "nixpkgs": {
      "locked": {
        "lastModified": 1680722764,
        "narHash": "sha256-e7Q9RvH9Jg/qc4LpnryBopy4vYGeg18zUcFhy/s/dMw=",
        "owner": "NixOS",
        "repo": "nixpkgs",
        "rev": "a2bd679bd7c2fb174bfcfe911bf1031b5acb41d5",
        "type": "github"
      },
      "original": {
        "owner": "NixOS",
        "repo": "nixpkgs",
        "type": "github"
      }
    },
    "root": {
      "inputs": {
        "nixpkgs": "nixpkgs"
      }
    }
  },
  "root": "root",
  "version": 7
}
